
Microsoft Visual Studio Solution File, Format Version 12.00
# Visual Studio Version 16
VisualStudioVersion = 16.0.810.18
MinimumVisualStudioVersion = 10.0.40219.1
Project("{FAE04EC0-301F-11D3-BF4B-00C04F79EFBC}") = "ismission13RyanPinkney", "ismission13RyanPinkney\ismission13RyanPinkney.csproj", "{51E6F824-81BF-4962-A7A4-B5ACF3749A75}"
EndProject
Global
	GlobalSection(SolutionConfigurationPlatforms) = preSolution
		Debug|Any CPU = Debug|Any CPU
		Release|Any CPU = Release|Any CPU
	EndGlobalSection
	GlobalSection(ProjectConfigurationPlatforms) = postSolution
		{51E6F824-81BF-4962-A7A4-B5ACF3749A75}.Debug|Any CPU.ActiveCfg = Debug|Any CPU
		{51E6F824-81BF-4962-A7A4-B5ACF3749A75}.Debug|Any CPU.Build.0 = Debug|Any CPU
		{51E6F824-81BF-4962-A7A4-B5ACF3749A75}.Release|Any CPU.ActiveCfg = Release|Any CPU
		{51E6F824-81BF-4962-A7A4-B5ACF3749A75}.Release|Any CPU.Build.0 = Release|Any CPU
	EndGlobalSection
	GlobalSection(SolutionProperties) = preSolution
		HideSolutionNode = FALSE
	EndGlobalSection
	GlobalSection(ExtensibilityGlobals) = postSolution
		SolutionGuid = {1365FADC-4652-46BF-A51A-42CEA11C2336}
	EndGlobalSection
EndGlobal
